
Microsoft Visual Studio Solution File, Format Version 12.00
# Visual Studio Version 17
VisualStudioVersion = 17.12.35527.113 d17.12
MinimumVisualStudioVersion = 10.0.40219.1
Project("{8BC9CEB8-8B4A-11D0-8D11-00A0C91BC942}") = "SwitchRT", "SwitchRT\SwitchRT.vcxproj", "{B953FA1C-A01A-49FC-9BAB-29D3CFD7112F}"
EndProject
Global
	GlobalSection(SolutionConfigurationPlatforms) = preSolution
		Debug|x64 = Debug|x64
		Debug|x86 = Debug|x86
		Release|x64 = Release|x64
		Release|x86 = Release|x86
		Switch|x64 = Switch|x64
		Switch|x86 = Switch|x86
	EndGlobalSection
	GlobalSection(ProjectConfigurationPlatforms) = postSolution
		{B953FA1C-A01A-49FC-9BAB-29D3CFD7112F}.Debug|x64.ActiveCfg = Debug|x64
		{B953FA1C-A01A-49FC-9BAB-29D3CFD7112F}.Debug|x64.Build.0 = Debug|x64
		{B953FA1C-A01A-49FC-9BAB-29D3CFD7112F}.Debug|x86.ActiveCfg = Debug|Win32
		{B953FA1C-A01A-49FC-9BAB-29D3CFD7112F}.Debug|x86.Build.0 = Debug|Win32
		{B953FA1C-A01A-49FC-9BAB-29D3CFD7112F}.Release|x64.ActiveCfg = Release|x64
		{B953FA1C-A01A-49FC-9BAB-29D3CFD7112F}.Release|x64.Build.0 = Release|x64
		{B953FA1C-A01A-49FC-9BAB-29D3CFD7112F}.Release|x86.ActiveCfg = Release|Win32
		{B953FA1C-A01A-49FC-9BAB-29D3CFD7112F}.Release|x86.Build.0 = Release|Win32
		{B953FA1C-A01A-49FC-9BAB-29D3CFD7112F}.Switch|x64.ActiveCfg = Switch|x64
		{B953FA1C-A01A-49FC-9BAB-29D3CFD7112F}.Switch|x64.Build.0 = Switch|x64
		{B953FA1C-A01A-49FC-9BAB-29D3CFD7112F}.Switch|x86.ActiveCfg = Switch|Win32
		{B953FA1C-A01A-49FC-9BAB-29D3CFD7112F}.Switch|x86.Build.0 = Switch|Win32
	EndGlobalSection
	GlobalSection(SolutionProperties) = preSolution
		HideSolutionNode = FALSE
	EndGlobalSection
EndGlobal
